lockfileVersion: '6.0'

settings:
  autoInstallPeers: true
  excludeLinksFromLockfile: false

dependencies:
  '@ffmpeg/ffmpeg':
    specifier: ^0.12.10
    version: 0.12.10

packages:

  /@ffmpeg/ffmpeg@0.12.10:
    resolution: {integrity: sha512-lVtk8PW8e+NUzGZhPTWj2P1J4/NyuCrbDD3O9IGpSeLYtUZKBqZO8CNj1WYGghep/MXoM8e1qVY1GztTkf8YYQ==}
    engines: {node: '>=18.x'}
    dependencies:
      '@ffmpeg/types': 0.12.2
    dev: false

  /@ffmpeg/types@0.12.2:
    resolution: {integrity: sha512-NJtxwPoLb60/z1Klv0ueshguWQ/7mNm106qdHkB4HL49LXszjhjCCiL+ldHJGQ9ai2Igx0s4F24ghigy//ERdA==}
    engines: {node: '>=16.x'}
    dev: false
